// !$*UTF8*$!
{
	archiveVersion = 1;
	classes = {
	};
	objectVersion = 46;
	objects = {

/* Begin PBXBuildFile section */
		19EBC4631D688CC7003C7C43 /* main.m in Sources */ = {isa = PBXBuildFile; fileRef = 19EBC4621D688CC7003C7C43 /* main.m */; };
		19EBC4661D688CC8003C7C43 /* AppDelegate.m in Sources */ = {isa = PBXBuildFile; fileRef = 19EBC4651D688CC8003C7C43 /* AppDelegate.m */; };
		19EBC46F1D688CC8003C7C43 /* Main.storyboard in Resources */ = {isa = PBXBuildFile; fileRef = 19EBC46D1D688CC8003C7C43 /* Main.storyboard */; };
		19EBC4711D688CC8003C7C43 /* Assets.xcassets in Resources */ = {isa = PBXBuildFile; fileRef = 19EBC4701D688CC8003C7C43 /* Assets.xcassets */; };
		19EBC4741D688CC8003C7C43 /* LaunchScreen.storyboard in Resources */ = {isa = PBXBuildFile; fileRef = 19EBC4721D688CC8003C7C43 /* LaunchScreen.storyboard */; };
		19EBC47D1D688E73003C7C43 /* redCellsViewController.m in Sources */ = {isa = PBXBuildFile; fileRef = 19EBC47C1D688E73003C7C43 /* redCellsViewController.m */; };
		19EBC4811D688EB8003C7C43 /* whiteCellsViewController.m in Sources */ = {isa = PBXBuildFile; fileRef = 19EBC4801D688EB8003C7C43 /* whiteCellsViewController.m */; };
		19EBC4841D688ED3003C7C43 /* malariaViewController.m in Sources */ = {isa = PBXBuildFile; fileRef = 19EBC4831D688ED3003C7C43 /* malariaViewController.m */; };
		19EBC4871D688EE6003C7C43 /* parasiteViewController.m in Sources */ = {isa = PBXBuildFile; fileRef = 19EBC4861D688EE6003C7C43 /* parasiteViewController.m */; };
		19EBC48B1D689520003C7C43 /* newsViewController.m in Sources */ = {isa = PBXBuildFile; fileRef = 19EBC48A1D689520003C7C43 /* newsViewController.m */; };
		19EF74241D6E65E700D7BB37 /* Exo2-Black.ttf in Resources */ = {isa = PBXBuildFile; fileRef = 19EF73FF1D6E65E700D7BB37 /* Exo2-Black.ttf */; };
		19EF74251D6E65E700D7BB37 /* Exo2-BlackItalic.ttf in Resources */ = {isa = PBXBuildFile; fileRef = 19EF74001D6E65E700D7BB37 /* Exo2-BlackItalic.ttf */; };
		19EF74261D6E65E700D7BB37 /* Exo2-Bold.ttf in Resources */ = {isa = PBXBuildFile; fileRef = 19EF74011D6E65E700D7BB37 /* Exo2-Bold.ttf */; };
		19EF74271D6E65E700D7BB37 /* Exo2-BoldItalic.ttf in Resources */ = {isa = PBXBuildFile; fileRef = 19EF74021D6E65E700D7BB37 /* Exo2-BoldItalic.ttf */; };
		19EF74281D6E65E700D7BB37 /* Exo2-ExtraBold.ttf in Resources */ = {isa = PBXBuildFile; fileRef = 19EF74031D6E65E700D7BB37 /* Exo2-ExtraBold.ttf */; };
		19EF74291D6E65E700D7BB37 /* Exo2-ExtraBoldItalic.ttf in Resources */ = {isa = PBXBuildFile; fileRef = 19EF74041D6E65E700D7BB37 /* Exo2-ExtraBoldItalic.ttf */; };
		19EF742A1D6E65E700D7BB37 /* Exo2-ExtraLight.ttf in Resources */ = {isa = PBXBuildFile; fileRef = 19EF74051D6E65E700D7BB37 /* Exo2-ExtraLight.ttf */; };
		19EF742B1D6E65E700D7BB37 /* Exo2-ExtraLightItalic.ttf in Resources */ = {isa = PBXBuildFile; fileRef = 19EF74061D6E65E700D7BB37 /* Exo2-ExtraLightItalic.ttf */; };
		19EF742C1D6E65E700D7BB37 /* Exo2-Italic.ttf in Resources */ = {isa = PBXBuildFile; fileRef = 19EF74071D6E65E700D7BB37 /* Exo2-Italic.ttf */; };
		19EF742D1D6E65E700D7BB37 /* Exo2-Light.ttf in Resources */ = {isa = PBXBuildFile; fileRef = 19EF74081D6E65E700D7BB37 /* Exo2-Light.ttf */; };
		19EF742E1D6E65E700D7BB37 /* Exo2-LightItalic.ttf in Resources */ = {isa = PBXBuildFile; fileRef = 19EF74091D6E65E700D7BB37 /* Exo2-LightItalic.ttf */; };
		19EF742F1D6E65E700D7BB37 /* Exo2-Medium.ttf in Resources */ = {isa = PBXBuildFile; fileRef = 19EF740A1D6E65E700D7BB37 /* Exo2-Medium.ttf */; };
		19EF74301D6E65E700D7BB37 /* Exo2-MediumItalic.ttf in Resources */ = {isa = PBXBuildFile; fileRef = 19EF740B1D6E65E700D7BB37 /* Exo2-MediumItalic.ttf */; };
		19EF74311D6E65E700D7BB37 /* Exo2-Regular.ttf in Resources */ = {isa = PBXBuildFile; fileRef = 19EF740C1D6E65E700D7BB37 /* Exo2-Regular.ttf */; };
		19EF74321D6E65E700D7BB37 /* Exo2-SemiBold.ttf in Resources */ = {isa = PBXBuildFile; fileRef = 19EF740D1D6E65E700D7BB37 /* Exo2-SemiBold.ttf */; };
		19EF74331D6E65E700D7BB37 /* Exo2-SemiBoldItalic.ttf in Resources */ = {isa = PBXBuildFile; fileRef = 19EF740E1D6E65E700D7BB37 /* Exo2-SemiBoldItalic.ttf */; };
		19EF74341D6E65E700D7BB37 /* Exo2-Thin.ttf in Resources */ = {isa = PBXBuildFile; fileRef = 19EF740F1D6E65E700D7BB37 /* Exo2-Thin.ttf */; };
		19EF74351D6E65E700D7BB37 /* Exo2-ThinItalic.ttf in Resources */ = {isa = PBXBuildFile; fileRef = 19EF74101D6E65E700D7BB37 /* Exo2-ThinItalic.ttf */; };
		19EF74361D6E65E700D7BB37 /* OFL.txt in Resources */ = {isa = PBXBuildFile; fileRef = 19EF74111D6E65E700D7BB37 /* OFL.txt */; };
		19EF744B1D6E7D4E00D7BB37 /* firstScreen.m in Sources */ = {isa = PBXBuildFile; fileRef = 19EF744A1D6E7D4E00D7BB37 /* firstScreen.m */; };
/* End PBXBuildFile section */

/* Begin PBXFileReference section */
		19EBC45E1D688CC7003C7C43 /* HaematologyApp.app */ = {isa = PBXFileReference; explicitFileType = wrapper.application; includeInIndex = 0; path = HaematologyApp.app; sourceTree = BUILT_PRODUCTS_DIR; };
		19EBC4621D688CC7003C7C43 /* main.m */ = {isa = PBXFileReference; lastKnownFileType = sourcecode.c.objc; path = main.m; sourceTree = "<group>"; };
		19EBC4641D688CC7003C7C43 /* AppDelegate.h */ = {isa = PBXFileReference; lastKnownFileType = sourcecode.c.h; path = AppDelegate.h; sourceTree = "<group>"; };
		19EBC4651D688CC8003C7C43 /* AppDelegate.m */ = {isa = PBXFileReference; lastKnownFileType = sourcecode.c.objc; path = AppDelegate.m; sourceTree = "<group>"; };
		19EBC46E1D688CC8003C7C43 /* Base */ = {isa = PBXFileReference; lastKnownFileType = file.storyboard; name = Base; path = Base.lproj/Main.storyboard; sourceTree = "<group>"; };
		19EBC4701D688CC8003C7C43 /* Assets.xcassets */ = {isa = PBXFileReference; lastKnownFileType = folder.assetcatalog; path = Assets.xcassets; sourceTree = "<group>"; };
		19EBC4731D688CC8003C7C43 /* Base */ = {isa = PBXFileReference; lastKnownFileType = file.storyboard; name = Base; path = Base.lproj/LaunchScreen.storyboard; sourceTree = "<group>"; };
		19EBC4751D688CC8003C7C43 /* Info.plist */ = {isa = PBXFileReference; lastKnownFileType = text.plist.xml; path = Info.plist; sourceTree = "<group>"; };
		19EBC47B1D688E73003C7C43 /* redCellsViewController.h */ = {isa = PBXFileReference; fileEncoding = 4; lastKnownFileType = sourcecode.c.h; path = redCellsViewController.h; sourceTree = "<group>"; };
		19EBC47C1D688E73003C7C43 /* redCellsViewController.m */ = {isa = PBXFileReference; fileEncoding = 4; lastKnownFileType = sourcecode.c.objc; path = redCellsViewController.m; sourceTree = "<group>"; };
		19EBC47F1D688EB8003C7C43 /* whiteCellsViewController.h */ = {isa = PBXFileReference; fileEncoding = 4; lastKnownFileType = sourcecode.c.h; path = whiteCellsViewController.h; sourceTree = "<group>"; };
		19EBC4801D688EB8003C7C43 /* whiteCellsViewController.m */ = {isa = PBXFileReference; fileEncoding = 4; lastKnownFileType = sourcecode.c.objc; path = whiteCellsViewController.m; sourceTree = "<group>"; };
		19EBC4821D688ED3003C7C43 /* malariaViewController.h */ = {isa = PBXFileReference; fileEncoding = 4; lastKnownFileType = sourcecode.c.h; path = malariaViewController.h; sourceTree = "<group>"; };
		19EBC4831D688ED3003C7C43 /* malariaViewController.m */ = {isa = PBXFileReference; fileEncoding = 4; lastKnownFileType = sourcecode.c.objc; path = malariaViewController.m; sourceTree = "<group>"; };
		19EBC4851D688EE6003C7C43 /* parasiteViewController.h */ = {isa = PBXFileReference; fileEncoding = 4; lastKnownFileType = sourcecode.c.h; path = parasiteViewController.h; sourceTree = "<group>"; };
		19EBC4861D688EE6003C7C43 /* parasiteViewController.m */ = {isa = PBXFileReference; fileEncoding = 4; lastKnownFileType = sourcecode.c.objc; path = parasiteViewController.m; sourceTree = "<group>"; };
		19EBC4891D689520003C7C43 /* newsViewController.h */ = {isa = PBXFileReference; fileEncoding = 4; lastKnownFileType = sourcecode.c.h; path = newsViewController.h; sourceTree = "<group>"; };
		19EBC48A1D689520003C7C43 /* newsViewController.m */ = {isa = PBXFileReference; fileEncoding = 4; lastKnownFileType = sourcecode.c.objc; path = newsViewController.m; sourceTree = "<group>"; };
		19EF73FF1D6E65E700D7BB37 /* Exo2-Black.ttf */ = {isa = PBXFileReference; lastKnownFileType = file; path = "Exo2-Black.ttf"; sourceTree = "<group>"; };
		19EF74001D6E65E700D7BB37 /* Exo2-BlackItalic.ttf */ = {isa = PBXFileReference; lastKnownFileType = file; path = "Exo2-BlackItalic.ttf"; sourceTree = "<group>"; };
		19EF74011D6E65E700D7BB37 /* Exo2-Bold.ttf */ = {isa = PBXFileReference; lastKnownFileType = file; path = "Exo2-Bold.ttf"; sourceTree = "<group>"; };
		19EF74021D6E65E700D7BB37 /* Exo2-BoldItalic.ttf */ = {isa = PBXFileReference; lastKnownFileType = file; path = "Exo2-BoldItalic.ttf"; sourceTree = "<group>"; };
		19EF74031D6E65E700D7BB37 /* Exo2-ExtraBold.ttf */ = {isa = PBXFileReference; lastKnownFileType = file; path = "Exo2-ExtraBold.ttf"; sourceTree = "<group>"; };
		19EF74041D6E65E700D7BB37 /* Exo2-ExtraBoldItalic.ttf */ = {isa = PBXFileReference; lastKnownFileType = file; path = "Exo2-ExtraBoldItalic.ttf"; sourceTree = "<group>"; };
		19EF74051D6E65E700D7BB37 /* Exo2-ExtraLight.ttf */ = {isa = PBXFileReference; lastKnownFileType = file; path = "Exo2-ExtraLight.ttf"; sourceTree = "<group>"; };
		19EF74061D6E65E700D7BB37 /* Exo2-ExtraLightItalic.ttf */ = {isa = PBXFileReference; lastKnownFileType = file; path = "Exo2-ExtraLightItalic.ttf"; sourceTree = "<group>"; };
		19EF74071D6E65E700D7BB37 /* Exo2-Italic.ttf */ = {isa = PBXFileReference; lastKnownFileType = file; path = "Exo2-Italic.ttf"; sourceTree = "<group>"; };
		19EF74081D6E65E700D7BB37 /* Exo2-Light.ttf */ = {isa = PBXFileReference; lastKnownFileType = file; path = "Exo2-Light.ttf"; sourceTree = "<group>"; };
		19EF74091D6E65E700D7BB37 /* Exo2-LightItalic.ttf */ = {isa = PBXFileReference; lastKnownFileType = file; path = "Exo2-LightItalic.ttf"; sourceTree = "<group>"; };
		19EF740A1D6E65E700D7BB37 /* Exo2-Medium.ttf */ = {isa = PBXFileReference; lastKnownFileType = file; path = "Exo2-Medium.ttf"; sourceTree = "<group>"; };
		19EF740B1D6E65E700D7BB37 /* Exo2-MediumItalic.ttf */ = {isa = PBXFileReference; lastKnownFileType = file; path = "Exo2-MediumItalic.ttf"; sourceTree = "<group>"; };
		19EF740C1D6E65E700D7BB37 /* Exo2-Regular.ttf */ = {isa = PBXFileReference; lastKnownFileType = file; path = "Exo2-Regular.ttf"; sourceTree = "<group>"; };
		19EF740D1D6E65E700D7BB37 /* Exo2-SemiBold.ttf */ = {isa = PBXFileReference; lastKnownFileType = file; path = "Exo2-SemiBold.ttf"; sourceTree = "<group>"; };
		19EF740E1D6E65E700D7BB37 /* Exo2-SemiBoldItalic.ttf */ = {isa = PBXFileReference; lastKnownFileType = file; path = "Exo2-SemiBoldItalic.ttf"; sourceTree = "<group>"; };
		19EF740F1D6E65E700D7BB37 /* Exo2-Thin.ttf */ = {isa = PBXFileReference; lastKnownFileType = file; path = "Exo2-Thin.ttf"; sourceTree = "<group>"; };
		19EF74101D6E65E700D7BB37 /* Exo2-ThinItalic.ttf */ = {isa = PBXFileReference; lastKnownFileType = file; path = "Exo2-ThinItalic.ttf"; sourceTree = "<group>"; };
		19EF74111D6E65E700D7BB37 /* OFL.txt */ = {isa = PBXFileReference; fileEncoding = 4; lastKnownFileType = text; path = OFL.txt; sourceTree = "<group>"; };
		19EF74491D6E7D4E00D7BB37 /* firstScreen.h */ = {isa = PBXFileReference; fileEncoding = 4; lastKnownFileType = sourcecode.c.h; name = firstScreen.h; path = HaematologyApp/firstScreen.h; sourceTree = "<group>"; };
		19EF744A1D6E7D4E00D7BB37 /* firstScreen.m */ = {isa = PBXFileReference; fileEncoding = 4; lastKnownFileType = sourcecode.c.objc; name = firstScreen.m; path = HaematologyApp/firstScreen.m; sourceTree = "<group>"; };
/* End PBXFileReference section */

/* Begin PBXFrameworksBuildPhase section */
		19EBC45B1D688CC7003C7C43 /* Frameworks */ = {
			isa = PBXFrameworksBuildPhase;
			buildActionMask = 2147483647;
			files = (
			);
			runOnlyForDeploymentPostprocessing = 0;
		};
/* End PBXFrameworksBuildPhase section */

/* Begin PBXGroup section */
		19EBC4551D688CC7003C7C43 = {
			isa = PBXGroup;
			children = (
				19EF73F91D6E62D100D7BB37 /* Font */,
				19EBC4881D689391003C7C43 /* Art */,
				19EBC47E1D688E9C003C7C43 /* Classes */,
				19EBC4601D688CC7003C7C43 /* HaematologyApp */,
				19EBC45F1D688CC7003C7C43 /* Products */,
			);
			sourceTree = "<group>";
		};
		19EBC45F1D688CC7003C7C43 /* Products */ = {
			isa = PBXGroup;
			children = (
				19EBC45E1D688CC7003C7C43 /* HaematologyApp.app */,
			);
			name = Products;
			sourceTree = "<group>";
		};
		19EBC4601D688CC7003C7C43 /* HaematologyApp */ = {
			isa = PBXGroup;
			children = (
				19EBC4641D688CC7003C7C43 /* AppDelegate.h */,
				19EBC4651D688CC8003C7C43 /* AppDelegate.m */,
				19EBC46D1D688CC8003C7C43 /* Main.storyboard */,
				19EBC4701D688CC8003C7C43 /* Assets.xcassets */,
				19EBC4721D688CC8003C7C43 /* LaunchScreen.storyboard */,
				19EBC4751D688CC8003C7C43 /* Info.plist */,
				19EBC4611D688CC7003C7C43 /* Supporting Files */,
			);
			path = HaematologyApp;
			sourceTree = "<group>";
		};
		19EBC4611D688CC7003C7C43 /* Supporting Files */ = {
			isa = PBXGroup;
			children = (
				19EBC4621D688CC7003C7C43 /* main.m */,
			);
			name = "Supporting Files";
			sourceTree = "<group>";
		};
		19EBC47E1D688E9C003C7C43 /* Classes */ = {
			isa = PBXGroup;
			children = (
				19EF74491D6E7D4E00D7BB37 /* firstScreen.h */,
				19EF744A1D6E7D4E00D7BB37 /* firstScreen.m */,
				19EBC47B1D688E73003C7C43 /* redCellsViewController.h */,
				19EBC47C1D688E73003C7C43 /* redCellsViewController.m */,
				19EBC47F1D688EB8003C7C43 /* whiteCellsViewController.h */,
				19EBC4801D688EB8003C7C43 /* whiteCellsViewController.m */,
				19EBC4821D688ED3003C7C43 /* malariaViewController.h */,
				19EBC4831D688ED3003C7C43 /* malariaViewController.m */,
				19EBC4851D688EE6003C7C43 /* parasiteViewController.h */,
				19EBC4861D688EE6003C7C43 /* parasiteViewController.m */,
				19EBC4891D689520003C7C43 /* newsViewController.h */,
				19EBC48A1D689520003C7C43 /* newsViewController.m */,
			);
			name = Classes;
			sourceTree = "<group>";
		};
		19EBC4881D689391003C7C43 /* Art */ = {
			isa = PBXGroup;
			children = (
			);
			name = Art;
			sourceTree = "<group>";
		};
		19EF73F91D6E62D100D7BB37 /* Font */ = {
			isa = PBXGroup;
			children = (
				19EF73FE1D6E65E700D7BB37 /* Exo_2 */,
			);
			name = Font;
			sourceTree = "<group>";
		};
		19EF73FE1D6E65E700D7BB37 /* Exo_2 */ = {
			isa = PBXGroup;
			children = (
				19EF73FF1D6E65E700D7BB37 /* Exo2-Black.ttf */,
				19EF74001D6E65E700D7BB37 /* Exo2-BlackItalic.ttf */,
				19EF74011D6E65E700D7BB37 /* Exo2-Bold.ttf */,
				19EF74021D6E65E700D7BB37 /* Exo2-BoldItalic.ttf */,
				19EF74031D6E65E700D7BB37 /* Exo2-ExtraBold.ttf */,
				19EF74041D6E65E700D7BB37 /* Exo2-ExtraBoldItalic.ttf */,
				19EF74051D6E65E700D7BB37 /* Exo2-ExtraLight.ttf */,
				19EF74061D6E65E700D7BB37 /* Exo2-ExtraLightItalic.ttf */,
				19EF74071D6E65E700D7BB37 /* Exo2-Italic.ttf */,
				19EF74081D6E65E700D7BB37 /* Exo2-Light.ttf */,
				19EF74091D6E65E700D7BB37 /* Exo2-LightItalic.ttf */,
				19EF740A1D6E65E700D7BB37 /* Exo2-Medium.ttf */,
				19EF740B1D6E65E700D7BB37 /* Exo2-MediumItalic.ttf */,
				19EF740C1D6E65E700D7BB37 /* Exo2-Regular.ttf */,
				19EF740D1D6E65E700D7BB37 /* Exo2-SemiBold.ttf */,
				19EF740E1D6E65E700D7BB37 /* Exo2-SemiBoldItalic.ttf */,
				19EF740F1D6E65E700D7BB37 /* Exo2-Thin.ttf */,
				19EF74101D6E65E700D7BB37 /* Exo2-ThinItalic.ttf */,
				19EF74111D6E65E700D7BB37 /* OFL.txt */,
			);
			path = Exo_2;
			sourceTree = "<group>";
		};
/* End PBXGroup section */

/* Begin PBXNativeTarget section */
		19EBC45D1D688CC7003C7C43 /* HaematologyApp */ = {
			isa = PBXNativeTarget;
			buildConfigurationList = 19EBC4781D688CC8003C7C43 /* Build configuration list for PBXNativeTarget "HaematologyApp" */;
			buildPhases = (
				19EBC45A1D688CC7003C7C43 /* Sources */,
				19EBC45B1D688CC7003C7C43 /* Frameworks */,
				19EBC45C1D688CC7003C7C43 /* Resources */,
			);
			buildRules = (
			);
			dependencies = (
			);
			name = HaematologyApp;
			productName = HaematologyApp;
			productReference = 19EBC45E1D688CC7003C7C43 /* HaematologyApp.app */;
			productType = "com.apple.product-type.application";
		};
/* End PBXNativeTarget section */

/* Begin PBXProject section */
		19EBC4561D688CC7003C7C43 /* Project object */ = {
			isa = PBXProject;
			attributes = {
				LastUpgradeCheck = 0730;
				ORGANIZATIONNAME = "Peter Gough";
				TargetAttributes = {
					19EBC45D1D688CC7003C7C43 = {
						CreatedOnToolsVersion = 7.3.1;
						DevelopmentTeam = J7U6U723M9;
					};
				};
			};
			buildConfigurationList = 19EBC4591D688CC7003C7C43 /* Build configuration list for PBXProject "HaematologyApp" */;
			compatibilityVersion = "Xcode 3.2";
			developmentRegion = English;
			hasScannedForEncodings = 0;
			knownRegions = (
				en,
				Base,
			);
			mainGroup = 19EBC4551D688CC7003C7C43;
			productRefGroup = 19EBC45F1D688CC7003C7C43 /* Products */;
			projectDirPath = "";
			projectRoot = "";
			targets = (
				19EBC45D1D688CC7003C7C43 /* HaematologyApp */,
			);
		};
/* End PBXProject section */

/* Begin PBXResourcesBuildPhase section */
		19EBC45C1D688CC7003C7C43 /* Resources */ = {
			isa = PBXResourcesBuildPhase;
			buildActionMask = 2147483647;
			files = (
				19EBC4741D688CC8003C7C43 /* LaunchScreen.storyboard in Resources */,
				19EBC4711D688CC8003C7C43 /* Assets.xcassets in Resources */,
				19EF74311D6E65E700D7BB37 /* Exo2-Regular.ttf in Resources */,
				19EF742B1D6E65E700D7BB37 /* Exo2-ExtraLightItalic.ttf in Resources */,
				19EF74301D6E65E700D7BB37 /* Exo2-MediumItalic.ttf in Resources */,
				19EF74321D6E65E700D7BB37 /* Exo2-SemiBold.ttf in Resources */,
				19EF742A1D6E65E700D7BB37 /* Exo2-ExtraLight.ttf in Resources */,
				19EF74251D6E65E700D7BB37 /* Exo2-BlackItalic.ttf in Resources */,
				19EF74351D6E65E700D7BB37 /* Exo2-ThinItalic.ttf in Resources */,
				19EF74261D6E65E700D7BB37 /* Exo2-Bold.ttf in Resources */,
				19EF74241D6E65E700D7BB37 /* Exo2-Black.ttf in Resources */,
				19EF74271D6E65E700D7BB37 /* Exo2-BoldItalic.ttf in Resources */,
				19EF74361D6E65E700D7BB37 /* OFL.txt in Resources */,
				19EF742D1D6E65E700D7BB37 /* Exo2-Light.ttf in Resources */,
				19EF742E1D6E65E700D7BB37 /* Exo2-LightItalic.ttf in Resources */,
				19EF742C1D6E65E700D7BB37 /* Exo2-Italic.ttf in Resources */,
				19EF74281D6E65E700D7BB37 /* Exo2-ExtraBold.ttf in Resources */,
				19EF74341D6E65E700D7BB37 /* Exo2-Thin.ttf in Resources */,
				19EBC46F1D688CC8003C7C43 /* Main.storyboard in Resources */,
				19EF74331D6E65E700D7BB37 /* Exo2-SemiBoldItalic.ttf in Resources */,
				19EF742F1D6E65E700D7BB37 /* Exo2-Medium.ttf in Resources */,
				19EF74291D6E65E700D7BB37 /* Exo2-ExtraBoldItalic.ttf in Resources */,
			);
			runOnlyForDeploymentPostprocessing = 0;
		};
/* End PBXResourcesBuildPhase section */

/* Begin PBXSourcesBuildPhase section */
		19EBC45A1D688CC7003C7C43 /* Sources */ = {
			isa = PBXSourcesBuildPhase;
			buildActionMask = 2147483647;
			files = (
				19EF744B1D6E7D4E00D7BB37 /* firstScreen.m in Sources */,
				19EBC4811D688EB8003C7C43 /* whiteCellsViewController.m in Sources */,
				19EBC4841D688ED3003C7C43 /* malariaViewController.m in Sources */,
				19EBC48B1D689520003C7C43 /* newsViewController.m in Sources */,
				19EBC47D1D688E73003C7C43 /* redCellsViewController.m in Sources */,
				19EBC4661D688CC8003C7C43 /* AppDelegate.m in Sources */,
				19EBC4631D688CC7003C7C43 /* main.m in Sources */,
				19EBC4871D688EE6003C7C43 /* parasiteViewController.m in Sources */,
			);
			runOnlyForDeploymentPostprocessing = 0;
		};
/* End PBXSourcesBuildPhase section */

/* Begin PBXVariantGroup section */
		19EBC46D1D688CC8003C7C43 /* Main.storyboard */ = {
			isa = PBXVariantGroup;
			children = (
				19EBC46E1D688CC8003C7C43 /* Base */,
			);
			name = Main.storyboard;
			sourceTree = "<group>";
		};
		19EBC4721D688CC8003C7C43 /* LaunchScreen.storyboard */ = {
			isa = PBXVariantGroup;
			children = (
				19EBC4731D688CC8003C7C43 /* Base */,
			);
			name = LaunchScreen.storyboard;
			sourceTree = "<group>";
		};
/* End PBXVariantGroup section */

/* Begin XCBuildConfiguration section */
		19EBC4761D688CC8003C7C43 /* Debug */ = {
			isa = XCBuildConfiguration;
			buildSettings = {
				ALWAYS_SEARCH_USER_PATHS = NO;
				CLANG_ANALYZER_NONNULL = YES;
				CLANG_CXX_LANGUAGE_STANDARD = "gnu++0x";
				CLANG_CXX_LIBRARY = "libc++";
				CLANG_ENABLE_MODULES = YES;
				CLANG_ENABLE_OBJC_ARC = YES;
				CLANG_WARN_BOOL_CONVERSION = YES;
				CLANG_WARN_CONSTANT_CONVERSION = YES;
				CLANG_WARN_DIRECT_OBJC_ISA_USAGE = YES_ERROR;
				CLANG_WARN_EMPTY_BODY = YES;
				CLANG_WARN_ENUM_CONVERSION = YES;
				CLANG_WARN_INT_CONVERSION = YES;
				CLANG_WARN_OBJC_ROOT_CLASS = YES_ERROR;
				CLANG_WARN_UNREACHABLE_CODE = YES;
				CLANG_WARN__DUPLICATE_METHOD_MATCH = YES;
				"CODE_SIGN_IDENTITY[sdk=iphoneos*]" = "iPhone Developer";
				COPY_PHASE_STRIP = NO;
				DEBUG_INFORMATION_FORMAT = dwarf;
				ENABLE_STRICT_OBJC_MSGSEND = YES;
				ENABLE_TESTABILITY = YES;
				GCC_C_LANGUAGE_STANDARD = gnu99;
				GCC_DYNAMIC_NO_PIC = NO;
				GCC_NO_COMMON_BLOCKS = YES;
				GCC_OPTIMIZATION_LEVEL = 0;
				GCC_PREPROCESSOR_DEFINITIONS = (
					"DEBUG=1",
					"$(inherited)",
				);
				GCC_WARN_64_TO_32_BIT_CONVERSION = YES;
				GCC_WARN_ABOUT_RETURN_TYPE = YES_ERROR;
				GCC_WARN_UNDECLARED_SELECTOR = YES;
				GCC_WARN_UNINITIALIZED_AUTOS = YES_AGGRESSIVE;
				GCC_WARN_UNUSED_FUNCTION = YES;
				GCC_WARN_UNUSED_VARIABLE = YES;
				IPHONEOS_DEPLOYMENT_TARGET = 9.3;
				MTL_ENABLE_DEBUG_INFO = YES;
				ONLY_ACTIVE_ARCH = YES;
				SDKROOT = iphoneos;
				TARGETED_DEVICE_FAMILY = "1,2";
			};
			name = Debug;
		};
		19EBC4771D688CC8003C7C43 /* Release */ = {
			isa = XCBuildConfiguration;
			buildSettings = {
				ALWAYS_SEARCH_USER_PATHS = NO;
				CLANG_ANALYZER_NONNULL = YES;
				CLANG_CXX_LANGUAGE_STANDARD = "gnu++0x";
				CLANG_CXX_LIBRARY = "libc++";
				CLANG_ENABLE_MODULES = YES;
				CLANG_ENABLE_OBJC_ARC = YES;
				CLANG_WARN_BOOL_CONVERSION = YES;
				CLANG_WARN_CONSTANT_CONVERSION = YES;
				CLANG_WARN_DIRECT_OBJC_ISA_USAGE = YES_ERROR;
				CLANG_WARN_EMPTY_BODY = YES;
				CLANG_WARN_ENUM_CONVERSION = YES;
				CLANG_WARN_INT_CONVERSION = YES;
				CLANG_WARN_OBJC_ROOT_CLASS = YES_ERROR;
				CLANG_WARN_UNREACHABLE_CODE = YES;
				CLANG_WARN__DUPLICATE_METHOD_MATCH = YES;
				"CODE_SIGN_IDENTITY[sdk=iphoneos*]" = "iPhone Developer";
				COPY_PHASE_STRIP = NO;
				DEBUG_INFORMATION_FORMAT = "dwarf-with-dsym";
				ENABLE_NS_ASSERTIONS = NO;
				ENABLE_STRICT_OBJC_MSGSEND = YES;
				GCC_C_LANGUAGE_STANDARD = gnu99;
				GCC_NO_COMMON_BLOCKS = YES;
				GCC_WARN_64_TO_32_BIT_CONVERSION = YES;
				GCC_WARN_ABOUT_RETURN_TYPE = YES_ERROR;
				GCC_WARN_UNDECLARED_SELECTOR = YES;
				GCC_WARN_UNINITIALIZED_AUTOS = YES_AGGRESSIVE;
				GCC_WARN_UNUSED_FUNCTION = YES;
				GCC_WARN_UNUSED_VARIABLE = YES;
				IPHONEOS_DEPLOYMENT_TARGET = 9.3;
				MTL_ENABLE_DEBUG_INFO = NO;
				SDKROOT = iphoneos;
				TARGETED_DEVICE_FAMILY = "1,2";
				VALIDATE_PRODUCT = YES;
			};
			name = Release;
		};
		19EBC4791D688CC8003C7C43 /* Debug */ = {
			isa = XCBuildConfiguration;
			buildSettings = {
				ASSETCATALOG_COMPILER_APPICON_NAME = AppIcon;
				CODE_SIGN_IDENTITY = "iPhone Developer";
				INFOPLIST_FILE = HaematologyApp/Info.plist;
				LD_RUNPATH_SEARCH_PATHS = "$(inherited) @executable_path/Frameworks";
				PRODUCT_BUNDLE_IDENTIFIER = "RPD-Online.HaematologyApp";
				PRODUCT_NAME = "$(TARGET_NAME)";
			};
			name = Debug;
		};
		19EBC47A1D688CC8003C7C43 /* Release */ = {
			isa = XCBuildConfiguration;
			buildSettings = {
				ASSETCATALOG_COMPILER_APPICON_NAME = AppIcon;
				CODE_SIGN_IDENTITY = "iPhone Developer";
				INFOPLIST_FILE = HaematologyApp/Info.plist;
				LD_RUNPATH_SEARCH_PATHS = "$(inherited) @executable_path/Frameworks";
				PRODUCT_BUNDLE_IDENTIFIER = "RPD-Online.HaematologyApp";
				PRODUCT_NAME = "$(TARGET_NAME)";
			};
			name = Release;
		};
/* End XCBuildConfiguration section */

/* Begin XCConfigurationList section */
		19EBC4591D688CC7003C7C43 /* Build configuration list for PBXProject "HaematologyApp" */ = {
			isa = XCConfigurationList;
			buildConfigurations = (
				19EBC4761D688CC8003C7C43 /* Debug */,
				19EBC4771D688CC8003C7C43 /* Release */,
			);
			defaultConfigurationIsVisible = 0;
			defaultConfigurationName = Release;
		};
		19EBC4781D688CC8003C7C43 /* Build configuration list for PBXNativeTarget "HaematologyApp" */ = {
			isa = XCConfigurationList;
			buildConfigurations = (
				19EBC4791D688CC8003C7C43 /* Debug */,
				19EBC47A1D688CC8003C7C43 /* Release */,
			);
			defaultConfigurationIsVisible = 0;
			defaultConfigurationName = Release;
		};
/* End XCConfigurationList section */
	};
	rootObject = 19EBC4561D688CC7003C7C43 /* Project object */;
}
